
Microsoft Visual Studio Solution File, Format Version 12.00
# Visual Studio Version 17
VisualStudioVersion = 17.3.32901.215
MinimumVisualStudioVersion = 10.0.40219.1
Project("{FAE04EC0-301F-11D3-BF4B-00C04F79EFBC}") = "PrimeNumber", "PrimeNumber\PrimeNumber.csproj", "{5A68627C-6D79-45CF-A485-3737B0845E85}"
EndProject
Project("{FAE04EC0-301F-11D3-BF4B-00C04F79EFBC}") = "CharContains", "CharContains\CharContains.csproj", "{4995F2D5-E34B-4347-B553-4A22DB4B7A37}"
EndProject
Global
	GlobalSection(SolutionConfigurationPlatforms) = preSolution
		Debug|Any CPU = Debug|Any CPU
		Release|Any CPU = Release|Any CPU
	EndGlobalSection
	GlobalSection(ProjectConfigurationPlatforms) = postSolution
		{5A68627C-6D79-45CF-A485-3737B0845E85}.Debug|Any CPU.ActiveCfg = Debug|Any CPU
		{5A68627C-6D79-45CF-A485-3737B0845E85}.Debug|Any CPU.Build.0 = Debug|Any CPU
		{5A68627C-6D79-45CF-A485-3737B0845E85}.Release|Any CPU.ActiveCfg = Release|Any CPU
		{5A68627C-6D79-45CF-A485-3737B0845E85}.Release|Any CPU.Build.0 = Release|Any CPU
		{4995F2D5-E34B-4347-B553-4A22DB4B7A37}.Debug|Any CPU.ActiveCfg = Debug|Any CPU
		{4995F2D5-E34B-4347-B553-4A22DB4B7A37}.Debug|Any CPU.Build.0 = Debug|Any CPU
		{4995F2D5-E34B-4347-B553-4A22DB4B7A37}.Release|Any CPU.ActiveCfg = Release|Any CPU
		{4995F2D5-E34B-4347-B553-4A22DB4B7A37}.Release|Any CPU.Build.0 = Release|Any CPU
	EndGlobalSection
	GlobalSection(SolutionProperties) = preSolution
		HideSolutionNode = FALSE
	EndGlobalSection
	GlobalSection(ExtensibilityGlobals) = postSolution
		SolutionGuid = {79375444-1DC5-4B57-9646-5BD6D63C1C17}
	EndGlobalSection
EndGlobal
